{
  "nodes": {
    "emacs-overlay": {
      "locked": {
        "lastModified": 1610583719,
        "narHash": "sha256-FfIcKLz6Hmwrfyx3Nq2SzYsdFfr35Q/kWXfitmIUdlY=",
        "owner": "nix-community",
        "repo": "emacs-overlay",
        "rev": "b703dd79202bef5dd96dd91edae441aedcb3ba9d",
        "type": "github"
      },
      "original": {
        "owner": "nix-community",
        "repo": "emacs-overlay",
        "type": "github"
      }
    },
    "flake-utils": {
      "locked": {
        "lastModified": 1610051610,
        "narHash": "sha256-U9rPz/usA1/Aohhk7Cmc2gBrEEKRzcW4nwPWMPwja4Y=",
        "owner": "numtide",
        "repo": "flake-utils",
        "rev": "3982c9903e93927c2164caa727cd3f6a0e6d14cc",
        "type": "github"
      },
      "original": {
        "owner": "numtide",
        "repo": "flake-utils",
        "type": "github"
      }
    },
    "nixos": {
      "locked": {
        "lastModified": 1610219734,
        "narHash": "sha256-hCsGe2nDz+SX4uO+lj0qPVcSGZdt52R9Yk5MOYs4djw=",
        "owner": "NixOS",
        "repo": "nixpkgs",
        "rev": "257cbbcd3ab7bd96f5d24d50adc807de7c82e06d",
        "type": "github"
      },
      "original": {
        "owner": "NixOS",
        "ref": "nixos-unstable",
        "repo": "nixpkgs",
        "type": "github"
      }
    },
    "root": {
      "inputs": {
        "emacs-overlay": "emacs-overlay",
        "flake-utils": "flake-utils",
        "nixos": "nixos"
      }
    }
  },
  "root": "root",
  "version": 7
}
