{
  "nodes": {
    "emacs-overlay": {
      "inputs": {
        "flake-utils": "flake-utils",
        "nixpkgs": "nixpkgs"
      },
      "locked": {
        "lastModified": 1668599879,
        "narHash": "sha256-tbJcsUqMGqoGKyXKKK7jrTTqYjY5+eiYiiECqfkCwQ8=",
        "owner": "nix-community",
        "repo": "emacs-overlay",
        "rev": "69a81fdf4f4b3bfcb227a23a0926f5663b355d19",
        "type": "github"
      },
      "original": {
        "owner": "nix-community",
        "repo": "emacs-overlay",
        "type": "github"
      }
    },
    "flake-utils": {
      "locked": {
        "lastModified": 1667395993,
        "narHash": "sha256-nuEHfE/LcWyuSWnS8t12N1wc105Qtau+/OdUAjtQ0rA=",
        "owner": "numtide",
        "repo": "flake-utils",
        "rev": "5aed5285a952e0b949eb3ba02c12fa4fcfef535f",
        "type": "github"
      },
      "original": {
        "owner": "numtide",
        "repo": "flake-utils",
        "type": "github"
      }
    },
    "flake-utils_2": {
      "locked": {
        "lastModified": 1667395993,
        "narHash": "sha256-nuEHfE/LcWyuSWnS8t12N1wc105Qtau+/OdUAjtQ0rA=",
        "owner": "numtide",
        "repo": "flake-utils",
        "rev": "5aed5285a952e0b949eb3ba02c12fa4fcfef535f",
        "type": "github"
      },
      "original": {
        "owner": "numtide",
        "repo": "flake-utils",
        "type": "github"
      }
    },
    "nixos": {
      "locked": {
        "lastModified": 1668505710,
        "narHash": "sha256-DulcfsGjpSXL9Ma0iQIsb3HRbARCDcA+CNH67pPyMQ0=",
        "owner": "NixOS",
        "repo": "nixpkgs",
        "rev": "85d6b3990def7eef45f4502a82496de02a02b6e8",
        "type": "github"
      },
      "original": {
        "owner": "NixOS",
        "ref": "nixos-unstable",
        "repo": "nixpkgs",
        "type": "github"
      }
    },
    "nixpkgs": {
      "locked": {
        "lastModified": 1668531822,
        "narHash": "sha256-rNt2SphDCQTbAgWBX9ZCMIn5ISxeb0l6b6kRLvzbFVo=",
        "owner": "NixOS",
        "repo": "nixpkgs",
        "rev": "97b8d9459f7922ce0e666113a1e8e6071424ae16",
        "type": "github"
      },
      "original": {
        "id": "nixpkgs",
        "type": "indirect"
      }
    },
    "root": {
      "inputs": {
        "emacs-overlay": "emacs-overlay",
        "flake-utils": "flake-utils_2",
        "nixos": "nixos"
      }
    }
  },
  "root": "root",
  "version": 7
}
